
Microsoft Visual Studio Solution File, Format Version 12.00
# Visual Studio Version 17
VisualStudioVersion = 17.4.33213.308
MinimumVisualStudioVersion = 10.0.40219.1
Project("{FAE04EC0-301F-11D3-BF4B-00C04F79EFBC}") = "HotelListing.API", "HotelListing.API\HotelListing.API.csproj", "{12DA27C2-4ECA-4292-8353-ED9A76EA9CCA}"
EndProject
Global
	GlobalSection(SolutionConfigurationPlatforms) = preSolution
		Debug|Any CPU = Debug|Any CPU
		Release|Any CPU = Release|Any CPU
	EndGlobalSection
	GlobalSection(ProjectConfigurationPlatforms) = postSolution
		{12DA27C2-4ECA-4292-8353-ED9A76EA9CCA}.Debug|Any CPU.ActiveCfg = Debug|Any CPU
		{12DA27C2-4ECA-4292-8353-ED9A76EA9CCA}.Debug|Any CPU.Build.0 = Debug|Any CPU
		{12DA27C2-4ECA-4292-8353-ED9A76EA9CCA}.Release|Any CPU.ActiveCfg = Release|Any CPU
		{12DA27C2-4ECA-4292-8353-ED9A76EA9CCA}.Release|Any CPU.Build.0 = Release|Any CPU
	EndGlobalSection
	GlobalSection(SolutionProperties) = preSolution
		HideSolutionNode = FALSE
	EndGlobalSection
	GlobalSection(ExtensibilityGlobals) = postSolution
		SolutionGuid = {782B8E37-CDED-4B6C-97D0-D50219E1E172}
	EndGlobalSection
EndGlobal
